
Microsoft Visual Studio Solution File, Format Version 12.00
# Visual Studio Version 16
VisualStudioVersion = 16.0.29020.237
MinimumVisualStudioVersion = 10.0.40219.1
Project("{FAE04EC0-301F-11D3-BF4B-00C04F79EFBC}") = "Region_API", "Region_API\Region_API.csproj", "{E1B2F0CE-B0D9-41E9-BE23-281BD95530CB}"
EndProject
Global
	GlobalSection(SolutionConfigurationPlatforms) = preSolution
		Debug|Any CPU = Debug|Any CPU
		Release|Any CPU = Release|Any CPU
	EndGlobalSection
	GlobalSection(ProjectConfigurationPlatforms) = postSolution
		{E1B2F0CE-B0D9-41E9-BE23-281BD95530CB}.Debug|Any CPU.ActiveCfg = Debug|Any CPU
		{E1B2F0CE-B0D9-41E9-BE23-281BD95530CB}.Debug|Any CPU.Build.0 = Debug|Any CPU
		{E1B2F0CE-B0D9-41E9-BE23-281BD95530CB}.Release|Any CPU.ActiveCfg = Release|Any CPU
		{E1B2F0CE-B0D9-41E9-BE23-281BD95530CB}.Release|Any CPU.Build.0 = Release|Any CPU
	EndGlobalSection
	GlobalSection(SolutionProperties) = preSolution
		HideSolutionNode = FALSE
	EndGlobalSection
	GlobalSection(ExtensibilityGlobals) = postSolution
		SolutionGuid = {FB18A4E2-1BE6-4DC7-AC6B-B3D05C75AE9D}
	EndGlobalSection
EndGlobal
